
Microsoft Visual Studio Solution File, Format Version 12.00
Project("{FAE04EC0-301F-11D3-BF4B-00C04F79EFBC}") = "Occam.Console", "Occam.Console\Occam.Console.csproj", "{1D7CEF17-E5FB-46DF-B24D-0566CB7FA558}"
EndProject
Project("{2150E333-8FDC-42A3-9474-1A3956D46DE8}") = "src", "src", "{3102AEFF-F248-4A60-957E-48C3684A50A8}"
EndProject
Project("{2150E333-8FDC-42A3-9474-1A3956D46DE8}") = "tst", "tst", "{6173C82F-9CB6-4E9D-BAD2-1022A1B57888}"
EndProject
Project("{FAE04EC0-301F-11D3-BF4B-00C04F79EFBC}") = "Occam.Domain", "Occam.Domain\Occam.Domain.csproj", "{86631CCA-A98C-43C7-B5B1-AF480480B8ED}"
EndProject
Project("{FAE04EC0-301F-11D3-BF4B-00C04F79EFBC}") = "Occam.Assets", "Occam.Assets\Occam.Assets.csproj", "{74A95CAB-B7B4-4AA0-B1AE-D5CA2FDD9E34}"
EndProject
Project("{FAE04EC0-301F-11D3-BF4B-00C04F79EFBC}") = "Occam.Application", "Occam.Application\Occam.Application.csproj", "{4E2DDE8D-BC57-4C41-9835-714CA59AE719}"
EndProject
Project("{FAE04EC0-301F-11D3-BF4B-00C04F79EFBC}") = "Occam.Console.Unit.Specs", "Occam.Console.Unit.Specs\Occam.Console.Unit.Specs.csproj", "{EF0ED4FA-4D9E-4F04-859F-E73F172A248E}"
EndProject
Project("{FAE04EC0-301F-11D3-BF4B-00C04F79EFBC}") = "Occam.Domain.Unit.Specs", "Occam.Domain.Unit.Specs\Occam.Domain.Unit.Specs.csproj", "{98704480-424F-4EA5-B350-257A455DE731}"
EndProject
Project("{FAE04EC0-301F-11D3-BF4B-00C04F79EFBC}") = "Occam.Application.Unit.Specs", "Occam.Application.Unit.Specs\Occam.Application.Unit.Specs.csproj", "{9CD81C79-E1BF-4B75-B73E-6B34766B5107}"
EndProject
Global
	GlobalSection(SolutionConfigurationPlatforms) = preSolution
		Debug|Any CPU = Debug|Any CPU
		Release|Any CPU = Release|Any CPU
	EndGlobalSection
	GlobalSection(ProjectConfigurationPlatforms) = postSolution
		{1D7CEF17-E5FB-46DF-B24D-0566CB7FA558}.Debug|Any CPU.ActiveCfg = Debug|Any CPU
		{1D7CEF17-E5FB-46DF-B24D-0566CB7FA558}.Debug|Any CPU.Build.0 = Debug|Any CPU
		{1D7CEF17-E5FB-46DF-B24D-0566CB7FA558}.Release|Any CPU.ActiveCfg = Release|Any CPU
		{1D7CEF17-E5FB-46DF-B24D-0566CB7FA558}.Release|Any CPU.Build.0 = Release|Any CPU
		{86631CCA-A98C-43C7-B5B1-AF480480B8ED}.Debug|Any CPU.ActiveCfg = Debug|Any CPU
		{86631CCA-A98C-43C7-B5B1-AF480480B8ED}.Debug|Any CPU.Build.0 = Debug|Any CPU
		{86631CCA-A98C-43C7-B5B1-AF480480B8ED}.Release|Any CPU.ActiveCfg = Release|Any CPU
		{86631CCA-A98C-43C7-B5B1-AF480480B8ED}.Release|Any CPU.Build.0 = Release|Any CPU
		{74A95CAB-B7B4-4AA0-B1AE-D5CA2FDD9E34}.Debug|Any CPU.ActiveCfg = Debug|Any CPU
		{74A95CAB-B7B4-4AA0-B1AE-D5CA2FDD9E34}.Debug|Any CPU.Build.0 = Debug|Any CPU
		{74A95CAB-B7B4-4AA0-B1AE-D5CA2FDD9E34}.Release|Any CPU.ActiveCfg = Release|Any CPU
		{74A95CAB-B7B4-4AA0-B1AE-D5CA2FDD9E34}.Release|Any CPU.Build.0 = Release|Any CPU
		{4E2DDE8D-BC57-4C41-9835-714CA59AE719}.Debug|Any CPU.ActiveCfg = Debug|Any CPU
		{4E2DDE8D-BC57-4C41-9835-714CA59AE719}.Debug|Any CPU.Build.0 = Debug|Any CPU
		{4E2DDE8D-BC57-4C41-9835-714CA59AE719}.Release|Any CPU.ActiveCfg = Release|Any CPU
		{4E2DDE8D-BC57-4C41-9835-714CA59AE719}.Release|Any CPU.Build.0 = Release|Any CPU
		{EF0ED4FA-4D9E-4F04-859F-E73F172A248E}.Debug|Any CPU.ActiveCfg = Debug|Any CPU
		{EF0ED4FA-4D9E-4F04-859F-E73F172A248E}.Debug|Any CPU.Build.0 = Debug|Any CPU
		{EF0ED4FA-4D9E-4F04-859F-E73F172A248E}.Release|Any CPU.ActiveCfg = Release|Any CPU
		{EF0ED4FA-4D9E-4F04-859F-E73F172A248E}.Release|Any CPU.Build.0 = Release|Any CPU
		{98704480-424F-4EA5-B350-257A455DE731}.Debug|Any CPU.ActiveCfg = Debug|Any CPU
		{98704480-424F-4EA5-B350-257A455DE731}.Debug|Any CPU.Build.0 = Debug|Any CPU
		{98704480-424F-4EA5-B350-257A455DE731}.Release|Any CPU.ActiveCfg = Release|Any CPU
		{98704480-424F-4EA5-B350-257A455DE731}.Release|Any CPU.Build.0 = Release|Any CPU
		{9CD81C79-E1BF-4B75-B73E-6B34766B5107}.Debug|Any CPU.ActiveCfg = Debug|Any CPU
		{9CD81C79-E1BF-4B75-B73E-6B34766B5107}.Debug|Any CPU.Build.0 = Debug|Any CPU
		{9CD81C79-E1BF-4B75-B73E-6B34766B5107}.Release|Any CPU.ActiveCfg = Release|Any CPU
		{9CD81C79-E1BF-4B75-B73E-6B34766B5107}.Release|Any CPU.Build.0 = Release|Any CPU
	EndGlobalSection
	GlobalSection(NestedProjects) = preSolution
		{1D7CEF17-E5FB-46DF-B24D-0566CB7FA558} = {3102AEFF-F248-4A60-957E-48C3684A50A8}
		{86631CCA-A98C-43C7-B5B1-AF480480B8ED} = {3102AEFF-F248-4A60-957E-48C3684A50A8}
		{74A95CAB-B7B4-4AA0-B1AE-D5CA2FDD9E34} = {3102AEFF-F248-4A60-957E-48C3684A50A8}
		{4E2DDE8D-BC57-4C41-9835-714CA59AE719} = {3102AEFF-F248-4A60-957E-48C3684A50A8}
		{EF0ED4FA-4D9E-4F04-859F-E73F172A248E} = {6173C82F-9CB6-4E9D-BAD2-1022A1B57888}
		{98704480-424F-4EA5-B350-257A455DE731} = {6173C82F-9CB6-4E9D-BAD2-1022A1B57888}
		{9CD81C79-E1BF-4B75-B73E-6B34766B5107} = {6173C82F-9CB6-4E9D-BAD2-1022A1B57888}
	EndGlobalSection
EndGlobal
